
Microsoft Visual Studio Solution File, Format Version 12.00
# Visual Studio Version 17
VisualStudioVersion = 17.7.34202.233
MinimumVisualStudioVersion = 10.0.40219.1
Project("{FAE04EC0-301F-11D3-BF4B-00C04F79EFBC}") = "AykhanWebApplication", "AykhanWebApplication\AykhanWebApplication.csproj", "{3E57B12F-1C7A-412D-A305-1A575C2EE309}"
EndProject
Global
	GlobalSection(SolutionConfigurationPlatforms) = preSolution
		Debug|Any CPU = Debug|Any CPU
		Release|Any CPU = Release|Any CPU
	EndGlobalSection
	GlobalSection(ProjectConfigurationPlatforms) = postSolution
		{3E57B12F-1C7A-412D-A305-1A575C2EE309}.Debug|Any CPU.ActiveCfg = Debug|Any CPU
		{3E57B12F-1C7A-412D-A305-1A575C2EE309}.Debug|Any CPU.Build.0 = Debug|Any CPU
		{3E57B12F-1C7A-412D-A305-1A575C2EE309}.Release|Any CPU.ActiveCfg = Release|Any CPU
		{3E57B12F-1C7A-412D-A305-1A575C2EE309}.Release|Any CPU.Build.0 = Release|Any CPU
	EndGlobalSection
	GlobalSection(SolutionProperties) = preSolution
		HideSolutionNode = FALSE
	EndGlobalSection
	GlobalSection(ExtensibilityGlobals) = postSolution
		SolutionGuid = {08CCCDE1-2F93-4BB8-9087-053F5E71B1AA}
	EndGlobalSection
EndGlobal
